{
    "_meta": {
        "hash": {
            "sha256": "fd9d69cf2a97beff45a923c2c80c14ac4bc0e379e4339de3f7e8b80c15696bac"
        },
        "pipfile-spec": 6,
        "requires": {
            "python_version": "3.7"
        },
        "sources": [
            {
                "name": "pypi",
                "url": "https://pypi.org/simple",
                "verify_ssl": true
            }
        ]
    },
    "default": {
        "bullet": {
            "hashes": [
                "sha256:7fc493c1c375a735a7cdb0bd9d6538336ba3085ef1426823a1cd43bebcdfe856",
                "sha256:ee38418aab6ad282bfc3594b8afa2594c012927641f7b2100e18b448c4cb3f1b"
            ],
            "index": "pypi",
            "version": "==2.1.0"
        },
        "progress": {
            "hashes": [
                "sha256:69ecedd1d1bbe71bf6313d88d1e6c4d2957b7f1d4f71312c211257f7dae64372"
            ],
            "index": "pypi",
            "version": "==1.5"
        }
    },
    "develop": {}
}
